{
    "version": 3,
    "terraform_version": "0.11.10",
    "serial": 24,
    "lineage": "75af4c7d-1ee1-dd0f-ff5a-0532b0218600",
    "modules": [
        {
            "path": [
                "root"
            ],
            "outputs": {},
            "resources": {
                "google_compute_instance.drouot-recette-jobs-0": {
                    "type": "google_compute_instance",
                    "depends_on": [],
                    "primary": {
                        "id": "drouot-recette-jobs-0",
                        "attributes": {
                            "attached_disk.#": "1",
                            "attached_disk.0.device_name": "persistent-disk-1",
                            "attached_disk.0.disk_encryption_key_raw": "",
                            "attached_disk.0.disk_encryption_key_sha256": "",
                            "attached_disk.0.mode": "READ_WRITE",
                            "attached_disk.0.source": "https://www.googleapis.com/compute/v1/projects/drouot-dev/zones/europe-west1-d/disks/jobs-data-disk",
                            "boot_disk.#": "1",
                            "boot_disk.0.auto_delete": "true",
                            "boot_disk.0.device_name": "persistent-disk-0",
                            "boot_disk.0.disk_encryption_key_raw": "",
                            "boot_disk.0.disk_encryption_key_sha256": "",
                            "boot_disk.0.initialize_params.#": "1",
                            "boot_disk.0.initialize_params.0.image": "https://www.googleapis.com/compute/v1/projects/debian-cloud/global/images/debian-8-jessie-v20180510",
                            "boot_disk.0.initialize_params.0.size": "50",
                            "boot_disk.0.initialize_params.0.type": "pd-standard",
                            "boot_disk.0.source": "https://www.googleapis.com/compute/v1/projects/drouot-dev/zones/europe-west1-d/disks/drouot-recette-jobs-0",
                            "can_ip_forward": "false",
                            "cpu_platform": "Intel Haswell",
                            "deletion_protection": "false",
                            "guest_accelerator.#": "0",
                            "id": "drouot-recette-jobs-0",
                            "instance_id": "5766056758911071331",
                            "label_fingerprint": "42WmSpB8rSM=",
                            "labels.%": "0",
                            "machine_type": "n1-standard-1",
                            "metadata.%": "0",
                            "metadata_fingerprint": "BM2j3OSKpXw=",
                            "metadata_startup_script": "",
                            "min_cpu_platform": "",
                            "name": "drouot-recette-jobs-0",
                            "network_interface.#": "1",
                            "network_interface.0.access_config.#": "1",
                            "network_interface.0.access_config.0.assigned_nat_ip": "35.205.106.71",
                            "network_interface.0.access_config.0.nat_ip": "35.205.106.71",
                            "network_interface.0.access_config.0.network_tier": "PREMIUM",
                            "network_interface.0.access_config.0.public_ptr_domain_name": "",
                            "network_interface.0.address": "10.132.0.8",
                            "network_interface.0.alias_ip_range.#": "0",
                            "network_interface.0.name": "nic0",
                            "network_interface.0.network": "https://www.googleapis.com/compute/v1/projects/drouot-dev/global/networks/default",
                            "network_interface.0.network_ip": "10.132.0.8",
                            "network_interface.0.subnetwork": "https://www.googleapis.com/compute/v1/projects/drouot-dev/regions/europe-west1/subnetworks/default",
                            "network_interface.0.subnetwork_project": "drouot-dev",
                            "project": "drouot-dev",
                            "scheduling.#": "1",
                            "scheduling.0.automatic_restart": "true",
                            "scheduling.0.on_host_maintenance": "MIGRATE",
                            "scheduling.0.preemptible": "false",
                            "scratch_disk.#": "0",
                            "self_link": "https://www.googleapis.com/compute/v1/projects/drouot-dev/zones/europe-west1-d/instances/drouot-recette-jobs-0",
                            "service_account.#": "0",
                            "tags.#": "3",
                            "tags.1936433573": "https-server",
                            "tags.219605147": "custom-cloudsql-access",
                            "tags.988335155": "http-server",
                            "tags_fingerprint": "bdSZ5tRC1Xc=",
                            "zone": "europe-west1-d"
                        },
                        "meta": {
                            "e2bfb730-ecaa-11e6-8f88-34363bc7c4c0": {
                                "create": 360000000000,
                                "delete": 360000000000,
                                "update": 360000000000
                            },
                            "schema_version": "6"
                        },
                        "tainted": false
                    },
                    "deposed": [],
                    "provider": "provider.google"
                },
                "google_compute_instance.drouot-recette-redis-0": {
                    "type": "google_compute_instance",
                    "depends_on": [],
                    "primary": {
                        "id": "drouot-recette-redis-0",
                        "attributes": {
                            "attached_disk.#": "0",
                            "boot_disk.#": "1",
                            "boot_disk.0.auto_delete": "true",
                            "boot_disk.0.device_name": "persistent-disk-0",
                            "boot_disk.0.disk_encryption_key_raw": "",
                            "boot_disk.0.disk_encryption_key_sha256": "",
                            "boot_disk.0.initialize_params.#": "1",
                            "boot_disk.0.initialize_params.0.image": "https://www.googleapis.com/compute/v1/projects/debian-cloud/global/images/debian-8-jessie-v20180507",
                            "boot_disk.0.initialize_params.0.size": "50",
                            "boot_disk.0.initialize_params.0.type": "pd-standard",
                            "boot_disk.0.source": "https://www.googleapis.com/compute/v1/projects/drouot-dev/zones/europe-west1-d/disks/drouot-recette-redis-0",
                            "can_ip_forward": "false",
                            "cpu_platform": "Intel Haswell",
                            "deletion_protection": "false",
                            "guest_accelerator.#": "0",
                            "id": "drouot-recette-redis-0",
                            "instance_id": "6202155695037435902",
                            "label_fingerprint": "42WmSpB8rSM=",
                            "labels.%": "0",
                            "machine_type": "n1-standard-1",
                            "metadata.%": "0",
                            "metadata_fingerprint": "g2S9B3CFj0U=",
                            "metadata_startup_script": "",
                            "min_cpu_platform": "",
                            "name": "drouot-recette-redis-0",
                            "network_interface.#": "1",
                            "network_interface.0.access_config.#": "1",
                            "network_interface.0.access_config.0.assigned_nat_ip": "35.233.2.54",
                            "network_interface.0.access_config.0.nat_ip": "35.233.2.54",
                            "network_interface.0.access_config.0.network_tier": "PREMIUM",
                            "network_interface.0.access_config.0.public_ptr_domain_name": "",
                            "network_interface.0.address": "10.132.0.6",
                            "network_interface.0.alias_ip_range.#": "0",
                            "network_interface.0.name": "nic0",
                            "network_interface.0.network": "https://www.googleapis.com/compute/v1/projects/drouot-dev/global/networks/default",
                            "network_interface.0.network_ip": "10.132.0.6",
                            "network_interface.0.subnetwork": "https://www.googleapis.com/compute/v1/projects/drouot-dev/regions/europe-west1/subnetworks/default",
                            "network_interface.0.subnetwork_project": "drouot-dev",
                            "project": "drouot-dev",
                            "scheduling.#": "1",
                            "scheduling.0.automatic_restart": "true",
                            "scheduling.0.on_host_maintenance": "MIGRATE",
                            "scheduling.0.preemptible": "false",
                            "scratch_disk.#": "0",
                            "self_link": "https://www.googleapis.com/compute/v1/projects/drouot-dev/zones/europe-west1-d/instances/drouot-recette-redis-0",
                            "service_account.#": "0",
                            "tags.#": "3",
                            "tags.1936433573": "https-server",
                            "tags.219605147": "custom-cloudsql-access",
                            "tags.988335155": "http-server",
                            "tags_fingerprint": "bdSZ5tRC1Xc=",
                            "zone": "europe-west1-d"
                        },
                        "meta": {
                            "e2bfb730-ecaa-11e6-8f88-34363bc7c4c0": {
                                "create": 360000000000,
                                "delete": 360000000000,
                                "update": 360000000000
                            },
                            "schema_version": "6"
                        },
                        "tainted": false
                    },
                    "deposed": [],
                    "provider": "provider.google"
                },
                "google_compute_instance.drouot-recette-solr-0": {
                    "type": "google_compute_instance",
                    "depends_on": [],
                    "primary": {
                        "id": "drouot-recette-solr-0",
                        "attributes": {
                            "attached_disk.#": "1",
                            "attached_disk.0.device_name": "persistent-disk-1",
                            "attached_disk.0.disk_encryption_key_raw": "",
                            "attached_disk.0.disk_encryption_key_sha256": "",
                            "attached_disk.0.mode": "READ_WRITE",
                            "attached_disk.0.source": "https://www.googleapis.com/compute/v1/projects/drouot-dev/zones/europe-west1-d/disks/drouot-solr-recette-data-20181130",
                            "boot_disk.#": "1",
                            "boot_disk.0.auto_delete": "false",
                            "boot_disk.0.device_name": "persistent-disk-0",
                            "boot_disk.0.disk_encryption_key_raw": "",
                            "boot_disk.0.disk_encryption_key_sha256": "",
                            "boot_disk.0.initialize_params.#": "1",
                            "boot_disk.0.initialize_params.0.image": "https://www.googleapis.com/compute/v1/projects/drouot-164214/global/images/drouot-solr-prod-20181128",
                            "boot_disk.0.initialize_params.0.size": "300",
                            "boot_disk.0.initialize_params.0.type": "pd-standard",
                            "boot_disk.0.source": "https://www.googleapis.com/compute/v1/projects/drouot-dev/zones/europe-west1-d/disks/drouot-solr-recette-disk",
                            "can_ip_forward": "false",
                            "cpu_platform": "Intel Haswell",
                            "deletion_protection": "false",
                            "guest_accelerator.#": "0",
                            "id": "drouot-recette-solr-0",
                            "instance_id": "4598716872976716100",
                            "label_fingerprint": "42WmSpB8rSM=",
                            "labels.%": "0",
                            "machine_type": "n1-standard-1",
                            "metadata.%": "0",
                            "metadata_fingerprint": "72Ot0w2Kaoo=",
                            "metadata_startup_script": "",
                            "min_cpu_platform": "",
                            "name": "drouot-recette-solr-0",
                            "network_interface.#": "1",
                            "network_interface.0.access_config.#": "1",
                            "network_interface.0.access_config.0.assigned_nat_ip": "35.240.112.158",
                            "network_interface.0.access_config.0.nat_ip": "35.240.112.158",
                            "network_interface.0.access_config.0.network_tier": "PREMIUM",
                            "network_interface.0.access_config.0.public_ptr_domain_name": "",
                            "network_interface.0.address": "10.132.0.5",
                            "network_interface.0.alias_ip_range.#": "0",
                            "network_interface.0.name": "nic0",
                            "network_interface.0.network": "https://www.googleapis.com/compute/v1/projects/drouot-dev/global/networks/default",
                            "network_interface.0.network_ip": "10.132.0.5",
                            "network_interface.0.subnetwork": "https://www.googleapis.com/compute/v1/projects/drouot-dev/regions/europe-west1/subnetworks/default",
                            "network_interface.0.subnetwork_project": "drouot-dev",
                            "project": "drouot-dev",
                            "scheduling.#": "1",
                            "scheduling.0.automatic_restart": "true",
                            "scheduling.0.on_host_maintenance": "MIGRATE",
                            "scheduling.0.preemptible": "false",
                            "scratch_disk.#": "0",
                            "self_link": "https://www.googleapis.com/compute/v1/projects/drouot-dev/zones/europe-west1-d/instances/drouot-recette-solr-0",
                            "service_account.#": "0",
                            "tags.#": "4",
                            "tags.1812359368": "solr",
                            "tags.1936433573": "https-server",
                            "tags.219605147": "custom-cloudsql-access",
                            "tags.988335155": "http-server",
                            "tags_fingerprint": "A8sLaoerIJs=",
                            "zone": "europe-west1-d"
                        },
                        "meta": {
                            "e2bfb730-ecaa-11e6-8f88-34363bc7c4c0": {
                                "create": 360000000000,
                                "delete": 360000000000,
                                "update": 360000000000
                            },
                            "schema_version": "6"
                        },
                        "tainted": false
                    },
                    "deposed": [],
                    "provider": "provider.google"
                },
                "google_compute_instance.drouot-recette-solr-1": {
                    "type": "google_compute_instance",
                    "depends_on": [],
                    "primary": {
                        "id": "drouot-recette-solr-1",
                        "attributes": {
                            "attached_disk.#": "0",
                            "boot_disk.#": "1",
                            "boot_disk.0.auto_delete": "true",
                            "boot_disk.0.device_name": "drouot-solr-preprod-1",
                            "boot_disk.0.disk_encryption_key_raw": "",
                            "boot_disk.0.disk_encryption_key_sha256": "",
                            "boot_disk.0.initialize_params.#": "1",
                            "boot_disk.0.initialize_params.0.image": "https://www.googleapis.com/compute/v1/projects/debian-cloud/global/images/debian-9-stretch-v20181210",
                            "boot_disk.0.initialize_params.0.size": "350",
                            "boot_disk.0.initialize_params.0.type": "pd-standard",
                            "boot_disk.0.source": "https://www.googleapis.com/compute/v1/projects/drouot-dev/zones/europe-west1-b/disks/drouot-recette-solr-1",
                            "can_ip_forward": "false",
                            "cpu_platform": "Intel Sandy Bridge",
                            "deletion_protection": "false",
                            "guest_accelerator.#": "0",
                            "id": "drouot-recette-solr-1",
                            "instance_id": "3669236094114023699",
                            "label_fingerprint": "42WmSpB8rSM=",
                            "labels.%": "0",
                            "machine_type": "n1-standard-16",
                            "metadata.%": "0",
                            "metadata_fingerprint": "g2S9B3CFj0U=",
                            "metadata_startup_script": "",
                            "min_cpu_platform": "",
                            "name": "drouot-recette-solr-1",
                            "network_interface.#": "1",
                            "network_interface.0.access_config.#": "1",
                            "network_interface.0.access_config.0.assigned_nat_ip": "104.199.106.10",
                            "network_interface.0.access_config.0.nat_ip": "104.199.106.10",
                            "network_interface.0.access_config.0.network_tier": "PREMIUM",
                            "network_interface.0.access_config.0.public_ptr_domain_name": "",
                            "network_interface.0.address": "10.132.0.7",
                            "network_interface.0.alias_ip_range.#": "0",
                            "network_interface.0.name": "nic0",
                            "network_interface.0.network": "https://www.googleapis.com/compute/v1/projects/drouot-dev/global/networks/default",
                            "network_interface.0.network_ip": "10.132.0.7",
                            "network_interface.0.subnetwork": "https://www.googleapis.com/compute/v1/projects/drouot-dev/regions/europe-west1/subnetworks/default",
                            "network_interface.0.subnetwork_project": "drouot-dev",
                            "project": "drouot-dev",
                            "scheduling.#": "1",
                            "scheduling.0.automatic_restart": "true",
                            "scheduling.0.on_host_maintenance": "MIGRATE",
                            "scheduling.0.preemptible": "false",
                            "scratch_disk.#": "0",
                            "self_link": "https://www.googleapis.com/compute/v1/projects/drouot-dev/zones/europe-west1-b/instances/drouot-recette-solr-1",
                            "service_account.#": "1",
                            "service_account.0.email": "485804294383-compute@developer.gserviceaccount.com",
                            "service_account.0.scopes.#": "7",
                            "service_account.0.scopes.1632638332": "https://www.googleapis.com/auth/devstorage.read_only",
                            "service_account.0.scopes.172152165": "https://www.googleapis.com/auth/logging.write",
                            "service_account.0.scopes.316356861": "https://www.googleapis.com/auth/service.management.readonly",
                            "service_account.0.scopes.3663490875": "https://www.googleapis.com/auth/servicecontrol",
                            "service_account.0.scopes.3859019814": "https://www.googleapis.com/auth/trace.append",
                            "service_account.0.scopes.4002673104": "https://www.googleapis.com/auth/pubsub",
                            "service_account.0.scopes.4177124133": "https://www.googleapis.com/auth/monitoring.write",
                            "tags.#": "1",
                            "tags.1290718550": "drouot-recette-solr",
                            "tags_fingerprint": "ZMllZUEFx0k=",
                            "zone": "europe-west1-b"
                        },
                        "meta": {
                            "e2bfb730-ecaa-11e6-8f88-34363bc7c4c0": {
                                "create": 360000000000,
                                "delete": 360000000000,
                                "update": 360000000000
                            },
                            "schema_version": "6"
                        },
                        "tainted": false
                    },
                    "deposed": [],
                    "provider": "provider.google"
                },
                "google_compute_instance.drouot-recette-solr-2": {
                    "type": "google_compute_instance",
                    "depends_on": [],
                    "primary": {
                        "id": "drouot-recette-solr-2",
                        "attributes": {
                            "attached_disk.#": "0",
                            "boot_disk.#": "1",
                            "boot_disk.0.auto_delete": "true",
                            "boot_disk.0.device_name": "drouot-solr-preprod-2",
                            "boot_disk.0.disk_encryption_key_raw": "",
                            "boot_disk.0.disk_encryption_key_sha256": "",
                            "boot_disk.0.initialize_params.#": "1",
                            "boot_disk.0.initialize_params.0.image": "https://www.googleapis.com/compute/v1/projects/debian-cloud/global/images/debian-9-stretch-v20181210",
                            "boot_disk.0.initialize_params.0.size": "350",
                            "boot_disk.0.initialize_params.0.type": "pd-standard",
                            "boot_disk.0.source": "https://www.googleapis.com/compute/v1/projects/drouot-dev/zones/europe-west1-b/disks/drouot-recette-solr-2",
                            "can_ip_forward": "false",
                            "cpu_platform": "Intel Sandy Bridge",
                            "deletion_protection": "false",
                            "guest_accelerator.#": "0",
                            "id": "drouot-recette-solr-2",
                            "instance_id": "4594869608748762731",
                            "label_fingerprint": "42WmSpB8rSM=",
                            "labels.%": "0",
                            "machine_type": "n1-standard-4",
                            "metadata.%": "0",
                            "metadata_fingerprint": "g2S9B3CFj0U=",
                            "metadata_startup_script": "",
                            "min_cpu_platform": "",
                            "name": "drouot-recette-solr-2",
                            "network_interface.#": "1",
                            "network_interface.0.access_config.#": "1",
                            "network_interface.0.access_config.0.assigned_nat_ip": "35.195.202.74",
                            "network_interface.0.access_config.0.nat_ip": "35.195.202.74",
                            "network_interface.0.access_config.0.network_tier": "PREMIUM",
                            "network_interface.0.access_config.0.public_ptr_domain_name": "",
                            "network_interface.0.address": "10.132.0.17",
                            "network_interface.0.alias_ip_range.#": "0",
                            "network_interface.0.name": "nic0",
                            "network_interface.0.network": "https://www.googleapis.com/compute/v1/projects/drouot-dev/global/networks/default",
                            "network_interface.0.network_ip": "10.132.0.17",
                            "network_interface.0.subnetwork": "https://www.googleapis.com/compute/v1/projects/drouot-dev/regions/europe-west1/subnetworks/default",
                            "network_interface.0.subnetwork_project": "drouot-dev",
                            "project": "drouot-dev",
                            "scheduling.#": "1",
                            "scheduling.0.automatic_restart": "true",
                            "scheduling.0.on_host_maintenance": "MIGRATE",
                            "scheduling.0.preemptible": "false",
                            "scratch_disk.#": "0",
                            "self_link": "https://www.googleapis.com/compute/v1/projects/drouot-dev/zones/europe-west1-b/instances/drouot-recette-solr-2",
                            "service_account.#": "1",
                            "service_account.0.email": "485804294383-compute@developer.gserviceaccount.com",
                            "service_account.0.scopes.#": "7",
                            "service_account.0.scopes.1632638332": "https://www.googleapis.com/auth/devstorage.read_only",
                            "service_account.0.scopes.172152165": "https://www.googleapis.com/auth/logging.write",
                            "service_account.0.scopes.316356861": "https://www.googleapis.com/auth/service.management.readonly",
                            "service_account.0.scopes.3663490875": "https://www.googleapis.com/auth/servicecontrol",
                            "service_account.0.scopes.3859019814": "https://www.googleapis.com/auth/trace.append",
                            "service_account.0.scopes.4002673104": "https://www.googleapis.com/auth/pubsub",
                            "service_account.0.scopes.4177124133": "https://www.googleapis.com/auth/monitoring.write",
                            "tags.#": "1",
                            "tags.1290718550": "drouot-recette-solr",
                            "tags_fingerprint": "ZMllZUEFx0k=",
                            "zone": "europe-west1-b"
                        },
                        "meta": {
                            "e2bfb730-ecaa-11e6-8f88-34363bc7c4c0": {
                                "create": 360000000000,
                                "delete": 360000000000,
                                "update": 360000000000
                            },
                            "schema_version": "6"
                        },
                        "tainted": false
                    },
                    "deposed": [],
                    "provider": "provider.google"
                },
                "google_compute_instance.drouot-recette-solr-3": {
                    "type": "google_compute_instance",
                    "depends_on": [],
                    "primary": {
                        "id": "drouot-recette-solr-3",
                        "attributes": {
                            "attached_disk.#": "0",
                            "boot_disk.#": "1",
                            "boot_disk.0.auto_delete": "true",
                            "boot_disk.0.device_name": "drouot-solr-preprod-3",
                            "boot_disk.0.disk_encryption_key_raw": "",
                            "boot_disk.0.disk_encryption_key_sha256": "",
                            "boot_disk.0.initialize_params.#": "1",
                            "boot_disk.0.initialize_params.0.image": "https://www.googleapis.com/compute/v1/projects/debian-cloud/global/images/debian-9-stretch-v20181210",
                            "boot_disk.0.initialize_params.0.size": "350",
                            "boot_disk.0.initialize_params.0.type": "pd-standard",
                            "boot_disk.0.source": "https://www.googleapis.com/compute/v1/projects/drouot-dev/zones/europe-west1-b/disks/drouot-recette-solr-3",
                            "can_ip_forward": "false",
                            "cpu_platform": "Intel Sandy Bridge",
                            "deletion_protection": "false",
                            "guest_accelerator.#": "0",
                            "id": "drouot-recette-solr-3",
                            "instance_id": "8165763671284598761",
                            "label_fingerprint": "42WmSpB8rSM=",
                            "labels.%": "0",
                            "machine_type": "n1-standard-4",
                            "metadata.%": "0",
                            "metadata_fingerprint": "g2S9B3CFj0U=",
                            "metadata_startup_script": "",
                            "min_cpu_platform": "",
                            "name": "drouot-recette-solr-3",
                            "network_interface.#": "1",
                            "network_interface.0.access_config.#": "1",
                            "network_interface.0.access_config.0.assigned_nat_ip": "35.195.118.101",
                            "network_interface.0.access_config.0.nat_ip": "35.195.118.101",
                            "network_interface.0.access_config.0.network_tier": "PREMIUM",
                            "network_interface.0.access_config.0.public_ptr_domain_name": "",
                            "network_interface.0.address": "10.132.0.18",
                            "network_interface.0.alias_ip_range.#": "0",
                            "network_interface.0.name": "nic0",
                            "network_interface.0.network": "https://www.googleapis.com/compute/v1/projects/drouot-dev/global/networks/default",
                            "network_interface.0.network_ip": "10.132.0.18",
                            "network_interface.0.subnetwork": "https://www.googleapis.com/compute/v1/projects/drouot-dev/regions/europe-west1/subnetworks/default",
                            "network_interface.0.subnetwork_project": "drouot-dev",
                            "project": "drouot-dev",
                            "scheduling.#": "1",
                            "scheduling.0.automatic_restart": "true",
                            "scheduling.0.on_host_maintenance": "MIGRATE",
                            "scheduling.0.preemptible": "false",
                            "scratch_disk.#": "0",
                            "self_link": "https://www.googleapis.com/compute/v1/projects/drouot-dev/zones/europe-west1-b/instances/drouot-recette-solr-3",
                            "service_account.#": "1",
                            "service_account.0.email": "485804294383-compute@developer.gserviceaccount.com",
                            "service_account.0.scopes.#": "7",
                            "service_account.0.scopes.1632638332": "https://www.googleapis.com/auth/devstorage.read_only",
                            "service_account.0.scopes.172152165": "https://www.googleapis.com/auth/logging.write",
                            "service_account.0.scopes.316356861": "https://www.googleapis.com/auth/service.management.readonly",
                            "service_account.0.scopes.3663490875": "https://www.googleapis.com/auth/servicecontrol",
                            "service_account.0.scopes.3859019814": "https://www.googleapis.com/auth/trace.append",
                            "service_account.0.scopes.4002673104": "https://www.googleapis.com/auth/pubsub",
                            "service_account.0.scopes.4177124133": "https://www.googleapis.com/auth/monitoring.write",
                            "tags.#": "1",
                            "tags.1290718550": "drouot-recette-solr",
                            "tags_fingerprint": "ZMllZUEFx0k=",
                            "zone": "europe-west1-b"
                        },
                        "meta": {
                            "e2bfb730-ecaa-11e6-8f88-34363bc7c4c0": {
                                "create": 360000000000,
                                "delete": 360000000000,
                                "update": 360000000000
                            },
                            "schema_version": "6"
                        },
                        "tainted": false
                    },
                    "deposed": [],
                    "provider": "provider.google"
                },
                "google_compute_instance.drouot-red5-recette-stream-0": {
                    "type": "google_compute_instance",
                    "depends_on": [],
                    "primary": {
                        "id": "drouot-red5-recette-stream-0",
                        "attributes": {
                            "attached_disk.#": "0",
                            "boot_disk.#": "1",
                            "boot_disk.0.auto_delete": "false",
                            "boot_disk.0.device_name": "drouot-red5-recette-stream-0-disk",
                            "boot_disk.0.disk_encryption_key_raw": "",
                            "boot_disk.0.disk_encryption_key_sha256": "",
                            "boot_disk.0.initialize_params.#": "1",
                            "boot_disk.0.initialize_params.0.image": "https://www.googleapis.com/compute/v1/projects/drouot-164214/global/images/red5-recette",
                            "boot_disk.0.initialize_params.0.size": "40",
                            "boot_disk.0.initialize_params.0.type": "pd-standard",
                            "boot_disk.0.source": "https://www.googleapis.com/compute/v1/projects/drouot-dev/zones/europe-west1-d/disks/drouot-red5-recette-stream-0-disk",
                            "can_ip_forward": "false",
                            "cpu_platform": "Intel Haswell",
                            "deletion_protection": "false",
                            "guest_accelerator.#": "0",
                            "id": "drouot-red5-recette-stream-0",
                            "instance_id": "2253024014754603568",
                            "label_fingerprint": "42WmSpB8rSM=",
                            "labels.%": "0",
                            "machine_type": "n1-standard-1",
                            "metadata.%": "0",
                            "metadata_fingerprint": "g2S9B3CFj0U=",
                            "metadata_startup_script": "",
                            "min_cpu_platform": "",
                            "name": "drouot-red5-recette-stream-0",
                            "network_interface.#": "1",
                            "network_interface.0.access_config.#": "1",
                            "network_interface.0.access_config.0.assigned_nat_ip": "35.195.56.232",
                            "network_interface.0.access_config.0.nat_ip": "35.195.56.232",
                            "network_interface.0.access_config.0.network_tier": "PREMIUM",
                            "network_interface.0.access_config.0.public_ptr_domain_name": "",
                            "network_interface.0.address": "10.132.0.9",
                            "network_interface.0.alias_ip_range.#": "0",
                            "network_interface.0.name": "nic0",
                            "network_interface.0.network": "https://www.googleapis.com/compute/v1/projects/drouot-dev/global/networks/default",
                            "network_interface.0.network_ip": "10.132.0.9",
                            "network_interface.0.subnetwork": "https://www.googleapis.com/compute/v1/projects/drouot-dev/regions/europe-west1/subnetworks/default",
                            "network_interface.0.subnetwork_project": "drouot-dev",
                            "project": "drouot-dev",
                            "scheduling.#": "1",
                            "scheduling.0.automatic_restart": "true",
                            "scheduling.0.on_host_maintenance": "MIGRATE",
                            "scheduling.0.preemptible": "false",
                            "scratch_disk.#": "0",
                            "self_link": "https://www.googleapis.com/compute/v1/projects/drouot-dev/zones/europe-west1-d/instances/drouot-red5-recette-stream-0",
                            "service_account.#": "1",
                            "service_account.0.email": "485804294383-compute@developer.gserviceaccount.com",
                            "service_account.0.scopes.#": "6",
                            "service_account.0.scopes.1632638332": "https://www.googleapis.com/auth/devstorage.read_only",
                            "service_account.0.scopes.172152165": "https://www.googleapis.com/auth/logging.write",
                            "service_account.0.scopes.316356861": "https://www.googleapis.com/auth/service.management.readonly",
                            "service_account.0.scopes.3663490875": "https://www.googleapis.com/auth/servicecontrol",
                            "service_account.0.scopes.3859019814": "https://www.googleapis.com/auth/trace.append",
                            "service_account.0.scopes.4177124133": "https://www.googleapis.com/auth/monitoring.write",
                            "tags.#": "3",
                            "tags.1936433573": "https-server",
                            "tags.4182561856": "red5",
                            "tags.988335155": "http-server",
                            "tags_fingerprint": "aXQKFkTHuDA=",
                            "zone": "europe-west1-d"
                        },
                        "meta": {
                            "e2bfb730-ecaa-11e6-8f88-34363bc7c4c0": {
                                "create": 360000000000,
                                "delete": 360000000000,
                                "update": 360000000000
                            },
                            "schema_version": "6"
                        },
                        "tainted": false
                    },
                    "deposed": [],
                    "provider": "provider.google"
                },
                "google_compute_instance.drouot-tomcat-recette-admin-0": {
                    "type": "google_compute_instance",
                    "depends_on": [],
                    "primary": {
                        "id": "drouot-tomcat-recette-admin-0",
                        "attributes": {
                            "attached_disk.#": "0",
                            "boot_disk.#": "1",
                            "boot_disk.0.auto_delete": "true",
                            "boot_disk.0.device_name": "persistent-disk-0",
                            "boot_disk.0.disk_encryption_key_raw": "",
                            "boot_disk.0.disk_encryption_key_sha256": "",
                            "boot_disk.0.initialize_params.#": "1",
                            "boot_disk.0.initialize_params.0.image": "https://www.googleapis.com/compute/v1/projects/debian-cloud/global/images/debian-8-jessie-v20180507",
                            "boot_disk.0.initialize_params.0.size": "50",
                            "boot_disk.0.initialize_params.0.type": "pd-standard",
                            "boot_disk.0.source": "https://www.googleapis.com/compute/v1/projects/drouot-dev/zones/europe-west1-d/disks/drouot-tomcat-recette-admin-0",
                            "can_ip_forward": "false",
                            "cpu_platform": "Intel Haswell",
                            "deletion_protection": "false",
                            "guest_accelerator.#": "0",
                            "id": "drouot-tomcat-recette-admin-0",
                            "instance_id": "3492248583592169862",
                            "label_fingerprint": "42WmSpB8rSM=",
                            "labels.%": "0",
                            "machine_type": "n1-standard-1",
                            "metadata.%": "0",
                            "metadata_fingerprint": "Kg2vhJn_2AI=",
                            "metadata_startup_script": "",
                            "min_cpu_platform": "",
                            "name": "drouot-tomcat-recette-admin-0",
                            "network_interface.#": "1",
                            "network_interface.0.access_config.#": "1",
                            "network_interface.0.access_config.0.assigned_nat_ip": "104.155.104.65",
                            "network_interface.0.access_config.0.nat_ip": "104.155.104.65",
                            "network_interface.0.access_config.0.network_tier": "PREMIUM",
                            "network_interface.0.access_config.0.public_ptr_domain_name": "",
                            "network_interface.0.address": "10.132.0.2",
                            "network_interface.0.alias_ip_range.#": "0",
                            "network_interface.0.name": "nic0",
                            "network_interface.0.network": "https://www.googleapis.com/compute/v1/projects/drouot-dev/global/networks/default",
                            "network_interface.0.network_ip": "10.132.0.2",
                            "network_interface.0.subnetwork": "https://www.googleapis.com/compute/v1/projects/drouot-dev/regions/europe-west1/subnetworks/default",
                            "network_interface.0.subnetwork_project": "drouot-dev",
                            "project": "drouot-dev",
                            "scheduling.#": "1",
                            "scheduling.0.automatic_restart": "true",
                            "scheduling.0.on_host_maintenance": "MIGRATE",
                            "scheduling.0.preemptible": "false",
                            "scratch_disk.#": "0",
                            "self_link": "https://www.googleapis.com/compute/v1/projects/drouot-dev/zones/europe-west1-d/instances/drouot-tomcat-recette-admin-0",
                            "service_account.#": "0",
                            "tags.#": "3",
                            "tags.1936433573": "https-server",
                            "tags.219605147": "custom-cloudsql-access",
                            "tags.988335155": "http-server",
                            "tags_fingerprint": "bdSZ5tRC1Xc=",
                            "zone": "europe-west1-d"
                        },
                        "meta": {
                            "e2bfb730-ecaa-11e6-8f88-34363bc7c4c0": {
                                "create": 360000000000,
                                "delete": 360000000000,
                                "update": 360000000000
                            },
                            "schema_version": "6"
                        },
                        "tainted": false
                    },
                    "deposed": [],
                    "provider": "provider.google"
                },
                "google_compute_instance.drouot-tomcat-recette-api-0": {
                    "type": "google_compute_instance",
                    "depends_on": [],
                    "primary": {
                        "id": "drouot-tomcat-recette-api-0",
                        "attributes": {
                            "attached_disk.#": "0",
                            "boot_disk.#": "1",
                            "boot_disk.0.auto_delete": "true",
                            "boot_disk.0.device_name": "persistent-disk-0",
                            "boot_disk.0.disk_encryption_key_raw": "",
                            "boot_disk.0.disk_encryption_key_sha256": "",
                            "boot_disk.0.initialize_params.#": "1",
                            "boot_disk.0.initialize_params.0.image": "https://www.googleapis.com/compute/v1/projects/debian-cloud/global/images/debian-8-jessie-v20180510",
                            "boot_disk.0.initialize_params.0.size": "50",
                            "boot_disk.0.initialize_params.0.type": "pd-standard",
                            "boot_disk.0.source": "https://www.googleapis.com/compute/v1/projects/drouot-dev/zones/europe-west1-d/disks/drouot-tomcat-recette-api-0",
                            "can_ip_forward": "false",
                            "cpu_platform": "Intel Haswell",
                            "deletion_protection": "false",
                            "guest_accelerator.#": "0",
                            "id": "drouot-tomcat-recette-api-0",
                            "instance_id": "384905101475788296",
                            "label_fingerprint": "42WmSpB8rSM=",
                            "labels.%": "0",
                            "machine_type": "n1-standard-1",
                            "metadata.%": "0",
                            "metadata_fingerprint": "g2S9B3CFj0U=",
                            "metadata_startup_script": "",
                            "min_cpu_platform": "",
                            "name": "drouot-tomcat-recette-api-0",
                            "network_interface.#": "1",
                            "network_interface.0.access_config.#": "1",
                            "network_interface.0.access_config.0.assigned_nat_ip": "35.240.94.85",
                            "network_interface.0.access_config.0.nat_ip": "35.240.94.85",
                            "network_interface.0.access_config.0.network_tier": "PREMIUM",
                            "network_interface.0.access_config.0.public_ptr_domain_name": "",
                            "network_interface.0.address": "10.132.0.16",
                            "network_interface.0.alias_ip_range.#": "0",
                            "network_interface.0.name": "nic0",
                            "network_interface.0.network": "https://www.googleapis.com/compute/v1/projects/drouot-dev/global/networks/default",
                            "network_interface.0.network_ip": "10.132.0.16",
                            "network_interface.0.subnetwork": "https://www.googleapis.com/compute/v1/projects/drouot-dev/regions/europe-west1/subnetworks/default",
                            "network_interface.0.subnetwork_project": "drouot-dev",
                            "project": "drouot-dev",
                            "scheduling.#": "1",
                            "scheduling.0.automatic_restart": "true",
                            "scheduling.0.on_host_maintenance": "MIGRATE",
                            "scheduling.0.preemptible": "false",
                            "scratch_disk.#": "0",
                            "self_link": "https://www.googleapis.com/compute/v1/projects/drouot-dev/zones/europe-west1-d/instances/drouot-tomcat-recette-api-0",
                            "service_account.#": "0",
                            "tags.#": "3",
                            "tags.1936433573": "https-server",
                            "tags.219605147": "custom-cloudsql-access",
                            "tags.988335155": "http-server",
                            "tags_fingerprint": "bdSZ5tRC1Xc=",
                            "zone": "europe-west1-d"
                        },
                        "meta": {
                            "e2bfb730-ecaa-11e6-8f88-34363bc7c4c0": {
                                "create": 360000000000,
                                "delete": 360000000000,
                                "update": 360000000000
                            },
                            "schema_version": "6"
                        },
                        "tainted": false
                    },
                    "deposed": [],
                    "provider": "provider.google"
                },
                "google_compute_instance.drouot-tomcat-recette-bid-0": {
                    "type": "google_compute_instance",
                    "depends_on": [],
                    "primary": {
                        "id": "drouot-tomcat-recette-bid-0",
                        "attributes": {
                            "attached_disk.#": "0",
                            "boot_disk.#": "1",
                            "boot_disk.0.auto_delete": "true",
                            "boot_disk.0.device_name": "persistent-disk-0",
                            "boot_disk.0.disk_encryption_key_raw": "",
                            "boot_disk.0.disk_encryption_key_sha256": "",
                            "boot_disk.0.initialize_params.#": "1",
                            "boot_disk.0.initialize_params.0.image": "https://www.googleapis.com/compute/v1/projects/debian-cloud/global/images/debian-8-jessie-v20180510",
                            "boot_disk.0.initialize_params.0.size": "50",
                            "boot_disk.0.initialize_params.0.type": "pd-standard",
                            "boot_disk.0.source": "https://www.googleapis.com/compute/v1/projects/drouot-dev/zones/europe-west1-d/disks/drouot-tomcat-recette-bid-0",
                            "can_ip_forward": "false",
                            "cpu_platform": "Intel Haswell",
                            "deletion_protection": "false",
                            "guest_accelerator.#": "0",
                            "id": "drouot-tomcat-recette-bid-0",
                            "instance_id": "7492671094083762306",
                            "label_fingerprint": "42WmSpB8rSM=",
                            "labels.%": "0",
                            "machine_type": "n1-standard-1",
                            "metadata.%": "0",
                            "metadata_fingerprint": "g2S9B3CFj0U=",
                            "metadata_startup_script": "",
                            "min_cpu_platform": "",
                            "name": "drouot-tomcat-recette-bid-0",
                            "network_interface.#": "1",
                            "network_interface.0.access_config.#": "1",
                            "network_interface.0.access_config.0.assigned_nat_ip": "192.158.28.180",
                            "network_interface.0.access_config.0.nat_ip": "192.158.28.180",
                            "network_interface.0.access_config.0.network_tier": "PREMIUM",
                            "network_interface.0.access_config.0.public_ptr_domain_name": "",
                            "network_interface.0.address": "10.132.0.14",
                            "network_interface.0.alias_ip_range.#": "0",
                            "network_interface.0.name": "nic0",
                            "network_interface.0.network": "https://www.googleapis.com/compute/v1/projects/drouot-dev/global/networks/default",
                            "network_interface.0.network_ip": "10.132.0.14",
                            "network_interface.0.subnetwork": "https://www.googleapis.com/compute/v1/projects/drouot-dev/regions/europe-west1/subnetworks/default",
                            "network_interface.0.subnetwork_project": "drouot-dev",
                            "project": "drouot-dev",
                            "scheduling.#": "1",
                            "scheduling.0.automatic_restart": "true",
                            "scheduling.0.on_host_maintenance": "MIGRATE",
                            "scheduling.0.preemptible": "false",
                            "scratch_disk.#": "0",
                            "self_link": "https://www.googleapis.com/compute/v1/projects/drouot-dev/zones/europe-west1-d/instances/drouot-tomcat-recette-bid-0",
                            "service_account.#": "0",
                            "tags.#": "3",
                            "tags.1936433573": "https-server",
                            "tags.219605147": "custom-cloudsql-access",
                            "tags.988335155": "http-server",
                            "tags_fingerprint": "bdSZ5tRC1Xc=",
                            "zone": "europe-west1-d"
                        },
                        "meta": {
                            "e2bfb730-ecaa-11e6-8f88-34363bc7c4c0": {
                                "create": 360000000000,
                                "delete": 360000000000,
                                "update": 360000000000
                            },
                            "schema_version": "6"
                        },
                        "tainted": false
                    },
                    "deposed": [],
                    "provider": "provider.google"
                },
                "google_compute_instance.drouot-tomcat-recette-catalog-0": {
                    "type": "google_compute_instance",
                    "depends_on": [],
                    "primary": {
                        "id": "drouot-tomcat-recette-catalog-0",
                        "attributes": {
                            "attached_disk.#": "0",
                            "boot_disk.#": "1",
                            "boot_disk.0.auto_delete": "false",
                            "boot_disk.0.device_name": "drouot-tomcat-recette-catalog-0-disk",
                            "boot_disk.0.disk_encryption_key_raw": "",
                            "boot_disk.0.disk_encryption_key_sha256": "",
                            "boot_disk.0.initialize_params.#": "1",
                            "boot_disk.0.initialize_params.0.image": "https://www.googleapis.com/compute/v1/projects/drouot-164214/global/images/catalog-recette",
                            "boot_disk.0.initialize_params.0.size": "80",
                            "boot_disk.0.initialize_params.0.type": "pd-standard",
                            "boot_disk.0.source": "https://www.googleapis.com/compute/v1/projects/drouot-dev/zones/europe-west1-d/disks/drouot-tomcat-recette-catalog-0-disk",
                            "can_ip_forward": "false",
                            "cpu_platform": "Intel Haswell",
                            "deletion_protection": "false",
                            "guest_accelerator.#": "0",
                            "id": "drouot-tomcat-recette-catalog-0",
                            "instance_id": "95446424809850477",
                            "label_fingerprint": "42WmSpB8rSM=",
                            "labels.%": "0",
                            "machine_type": "n1-standard-1",
                            "metadata.%": "0",
                            "metadata_fingerprint": "g2S9B3CFj0U=",
                            "metadata_startup_script": "",
                            "min_cpu_platform": "",
                            "name": "drouot-tomcat-recette-catalog-0",
                            "network_interface.#": "1",
                            "network_interface.0.access_config.#": "1",
                            "network_interface.0.access_config.0.assigned_nat_ip": "104.155.87.126",
                            "network_interface.0.access_config.0.nat_ip": "104.155.87.126",
                            "network_interface.0.access_config.0.network_tier": "PREMIUM",
                            "network_interface.0.access_config.0.public_ptr_domain_name": "",
                            "network_interface.0.address": "10.132.0.11",
                            "network_interface.0.alias_ip_range.#": "0",
                            "network_interface.0.name": "nic0",
                            "network_interface.0.network": "https://www.googleapis.com/compute/v1/projects/drouot-dev/global/networks/default",
                            "network_interface.0.network_ip": "10.132.0.11",
                            "network_interface.0.subnetwork": "https://www.googleapis.com/compute/v1/projects/drouot-dev/regions/europe-west1/subnetworks/default",
                            "network_interface.0.subnetwork_project": "drouot-dev",
                            "project": "drouot-dev",
                            "scheduling.#": "1",
                            "scheduling.0.automatic_restart": "true",
                            "scheduling.0.on_host_maintenance": "MIGRATE",
                            "scheduling.0.preemptible": "false",
                            "scratch_disk.#": "0",
                            "self_link": "https://www.googleapis.com/compute/v1/projects/drouot-dev/zones/europe-west1-d/instances/drouot-tomcat-recette-catalog-0",
                            "service_account.#": "1",
                            "service_account.0.email": "485804294383-compute@developer.gserviceaccount.com",
                            "service_account.0.scopes.#": "7",
                            "service_account.0.scopes.1632638332": "https://www.googleapis.com/auth/devstorage.read_only",
                            "service_account.0.scopes.172152165": "https://www.googleapis.com/auth/logging.write",
                            "service_account.0.scopes.316356861": "https://www.googleapis.com/auth/service.management.readonly",
                            "service_account.0.scopes.3663490875": "https://www.googleapis.com/auth/servicecontrol",
                            "service_account.0.scopes.3859019814": "https://www.googleapis.com/auth/trace.append",
                            "service_account.0.scopes.4177124133": "https://www.googleapis.com/auth/monitoring.write",
                            "service_account.0.scopes.4205865871": "https://www.googleapis.com/auth/sqlservice.admin",
                            "tags.#": "2",
                            "tags.1936433573": "https-server",
                            "tags.988335155": "http-server",
                            "tags_fingerprint": "6smc4R4d39I=",
                            "zone": "europe-west1-d"
                        },
                        "meta": {
                            "e2bfb730-ecaa-11e6-8f88-34363bc7c4c0": {
                                "create": 360000000000,
                                "delete": 360000000000,
                                "update": 360000000000
                            },
                            "schema_version": "6"
                        },
                        "tainted": false
                    },
                    "deposed": [],
                    "provider": "provider.google"
                },
                "google_compute_instance.drouot-tomcat-recette-drouot-com-0": {
                    "type": "google_compute_instance",
                    "depends_on": [],
                    "primary": {
                        "id": "drouot-tomcat-recette-drouot-com-0",
                        "attributes": {
                            "attached_disk.#": "0",
                            "boot_disk.#": "1",
                            "boot_disk.0.auto_delete": "true",
                            "boot_disk.0.device_name": "persistent-disk-0",
                            "boot_disk.0.disk_encryption_key_raw": "",
                            "boot_disk.0.disk_encryption_key_sha256": "",
                            "boot_disk.0.initialize_params.#": "1",
                            "boot_disk.0.initialize_params.0.image": "https://www.googleapis.com/compute/v1/projects/debian-cloud/global/images/debian-8-jessie-v20180611",
                            "boot_disk.0.initialize_params.0.size": "50",
                            "boot_disk.0.initialize_params.0.type": "pd-standard",
                            "boot_disk.0.source": "https://www.googleapis.com/compute/v1/projects/drouot-dev/zones/europe-west1-d/disks/drouot-tomcat-recette-drouot-com-0",
                            "can_ip_forward": "false",
                            "cpu_platform": "Intel Haswell",
                            "deletion_protection": "false",
                            "guest_accelerator.#": "0",
                            "id": "drouot-tomcat-recette-drouot-com-0",
                            "instance_id": "6059557437890877579",
                            "label_fingerprint": "42WmSpB8rSM=",
                            "labels.%": "0",
                            "machine_type": "n1-standard-1",
                            "metadata.%": "0",
                            "metadata_fingerprint": "g2S9B3CFj0U=",
                            "metadata_startup_script": "",
                            "min_cpu_platform": "",
                            "name": "drouot-tomcat-recette-drouot-com-0",
                            "network_interface.#": "1",
                            "network_interface.0.access_config.#": "1",
                            "network_interface.0.access_config.0.assigned_nat_ip": "146.148.123.186",
                            "network_interface.0.access_config.0.nat_ip": "146.148.123.186",
                            "network_interface.0.access_config.0.network_tier": "PREMIUM",
                            "network_interface.0.access_config.0.public_ptr_domain_name": "",
                            "network_interface.0.address": "10.132.0.12",
                            "network_interface.0.alias_ip_range.#": "0",
                            "network_interface.0.name": "nic0",
                            "network_interface.0.network": "https://www.googleapis.com/compute/v1/projects/drouot-dev/global/networks/default",
                            "network_interface.0.network_ip": "10.132.0.12",
                            "network_interface.0.subnetwork": "https://www.googleapis.com/compute/v1/projects/drouot-dev/regions/europe-west1/subnetworks/default",
                            "network_interface.0.subnetwork_project": "drouot-dev",
                            "project": "drouot-dev",
                            "scheduling.#": "1",
                            "scheduling.0.automatic_restart": "true",
                            "scheduling.0.on_host_maintenance": "MIGRATE",
                            "scheduling.0.preemptible": "false",
                            "scratch_disk.#": "0",
                            "self_link": "https://www.googleapis.com/compute/v1/projects/drouot-dev/zones/europe-west1-d/instances/drouot-tomcat-recette-drouot-com-0",
                            "service_account.#": "0",
                            "tags.#": "3",
                            "tags.1936433573": "https-server",
                            "tags.219605147": "custom-cloudsql-access",
                            "tags.988335155": "http-server",
                            "tags_fingerprint": "bdSZ5tRC1Xc=",
                            "zone": "europe-west1-d"
                        },
                        "meta": {
                            "e2bfb730-ecaa-11e6-8f88-34363bc7c4c0": {
                                "create": 360000000000,
                                "delete": 360000000000,
                                "update": 360000000000
                            },
                            "schema_version": "6"
                        },
                        "tainted": false
                    },
                    "deposed": [],
                    "provider": "provider.google"
                },
                "google_compute_instance.drouot-tomcat-recette-drouotdigital-0": {
                    "type": "google_compute_instance",
                    "depends_on": [],
                    "primary": {
                        "id": "drouot-tomcat-recette-drouotdigital-0",
                        "attributes": {
                            "attached_disk.#": "0",
                            "boot_disk.#": "1",
                            "boot_disk.0.auto_delete": "false",
                            "boot_disk.0.device_name": "drouot-tomcat-recette-drouotdigital-0-disk",
                            "boot_disk.0.disk_encryption_key_raw": "",
                            "boot_disk.0.disk_encryption_key_sha256": "",
                            "boot_disk.0.initialize_params.#": "1",
                            "boot_disk.0.initialize_params.0.image": "https://www.googleapis.com/compute/v1/projects/drouot-164214/global/images/ddv3-loadtest",
                            "boot_disk.0.initialize_params.0.size": "30",
                            "boot_disk.0.initialize_params.0.type": "pd-standard",
                            "boot_disk.0.source": "https://www.googleapis.com/compute/v1/projects/drouot-dev/zones/europe-west1-d/disks/drouot-tomcat-recette-drouotdigital-0-disk",
                            "can_ip_forward": "false",
                            "cpu_platform": "Intel Haswell",
                            "deletion_protection": "false",
                            "guest_accelerator.#": "0",
                            "id": "drouot-tomcat-recette-drouotdigital-0",
                            "instance_id": "7469451435731622660",
                            "label_fingerprint": "42WmSpB8rSM=",
                            "labels.%": "0",
                            "machine_type": "n1-standard-1",
                            "metadata.%": "0",
                            "metadata_fingerprint": "zAMEErKqm7g=",
                            "metadata_startup_script": "",
                            "min_cpu_platform": "",
                            "name": "drouot-tomcat-recette-drouotdigital-0",
                            "network_interface.#": "1",
                            "network_interface.0.access_config.#": "1",
                            "network_interface.0.access_config.0.assigned_nat_ip": "146.148.121.161",
                            "network_interface.0.access_config.0.nat_ip": "146.148.121.161",
                            "network_interface.0.access_config.0.network_tier": "PREMIUM",
                            "network_interface.0.access_config.0.public_ptr_domain_name": "",
                            "network_interface.0.address": "10.132.0.15",
                            "network_interface.0.alias_ip_range.#": "0",
                            "network_interface.0.name": "nic0",
                            "network_interface.0.network": "https://www.googleapis.com/compute/v1/projects/drouot-dev/global/networks/default",
                            "network_interface.0.network_ip": "10.132.0.15",
                            "network_interface.0.subnetwork": "https://www.googleapis.com/compute/v1/projects/drouot-dev/regions/europe-west1/subnetworks/default",
                            "network_interface.0.subnetwork_project": "drouot-dev",
                            "project": "drouot-dev",
                            "scheduling.#": "1",
                            "scheduling.0.automatic_restart": "true",
                            "scheduling.0.on_host_maintenance": "MIGRATE",
                            "scheduling.0.preemptible": "false",
                            "scratch_disk.#": "0",
                            "self_link": "https://www.googleapis.com/compute/v1/projects/drouot-dev/zones/europe-west1-d/instances/drouot-tomcat-recette-drouotdigital-0",
                            "service_account.#": "0",
                            "tags.#": "3",
                            "tags.1936433573": "https-server",
                            "tags.219605147": "custom-cloudsql-access",
                            "tags.988335155": "http-server",
                            "tags_fingerprint": "bdSZ5tRC1Xc=",
                            "zone": "europe-west1-d"
                        },
                        "meta": {
                            "e2bfb730-ecaa-11e6-8f88-34363bc7c4c0": {
                                "create": 360000000000,
                                "delete": 360000000000,
                                "update": 360000000000
                            },
                            "schema_version": "6"
                        },
                        "tainted": false
                    },
                    "deposed": [],
                    "provider": "provider.google"
                },
                "google_compute_instance.drouot-tomcat-recette-gazette-0": {
                    "type": "google_compute_instance",
                    "depends_on": [],
                    "primary": {
                        "id": "drouot-tomcat-recette-gazette-0",
                        "attributes": {
                            "attached_disk.#": "1",
                            "attached_disk.0.device_name": "drouot-tomcat-recette-gazette-data-disk",
                            "attached_disk.0.disk_encryption_key_raw": "",
                            "attached_disk.0.disk_encryption_key_sha256": "",
                            "attached_disk.0.mode": "READ_WRITE",
                            "attached_disk.0.source": "https://www.googleapis.com/compute/v1/projects/drouot-dev/zones/europe-west1-d/disks/drouot-tomcat-recette-gazette-data-disk",
                            "boot_disk.#": "1",
                            "boot_disk.0.auto_delete": "false",
                            "boot_disk.0.device_name": "drouot-tomcat-recette-gazette-0-disk",
                            "boot_disk.0.disk_encryption_key_raw": "",
                            "boot_disk.0.disk_encryption_key_sha256": "",
                            "boot_disk.0.initialize_params.#": "1",
                            "boot_disk.0.initialize_params.0.image": "https://www.googleapis.com/compute/v1/projects/drouot-164214/global/images/gazette-recette",
                            "boot_disk.0.initialize_params.0.size": "80",
                            "boot_disk.0.initialize_params.0.type": "pd-standard",
                            "boot_disk.0.source": "https://www.googleapis.com/compute/v1/projects/drouot-dev/zones/europe-west1-d/disks/drouot-tomcat-recette-gazette-0-disk",
                            "can_ip_forward": "false",
                            "cpu_platform": "Unknown CPU Platform",
                            "deletion_protection": "false",
                            "guest_accelerator.#": "0",
                            "id": "drouot-tomcat-recette-gazette-0",
                            "instance_id": "704865347393254329",
                            "label_fingerprint": "42WmSpB8rSM=",
                            "labels.%": "0",
                            "machine_type": "n1-standard-2",
                            "metadata.%": "0",
                            "metadata_fingerprint": "g2S9B3CFj0U=",
                            "metadata_startup_script": "",
                            "min_cpu_platform": "",
                            "name": "drouot-tomcat-recette-gazette-0",
                            "network_interface.#": "1",
                            "network_interface.0.access_config.#": "1",
                            "network_interface.0.access_config.0.assigned_nat_ip": "",
                            "network_interface.0.access_config.0.nat_ip": "",
                            "network_interface.0.access_config.0.network_tier": "PREMIUM",
                            "network_interface.0.access_config.0.public_ptr_domain_name": "",
                            "network_interface.0.address": "10.132.0.13",
                            "network_interface.0.alias_ip_range.#": "0",
                            "network_interface.0.name": "nic0",
                            "network_interface.0.network": "https://www.googleapis.com/compute/v1/projects/drouot-dev/global/networks/default",
                            "network_interface.0.network_ip": "10.132.0.13",
                            "network_interface.0.subnetwork": "https://www.googleapis.com/compute/v1/projects/drouot-dev/regions/europe-west1/subnetworks/default",
                            "network_interface.0.subnetwork_project": "drouot-dev",
                            "project": "drouot-dev",
                            "scheduling.#": "1",
                            "scheduling.0.automatic_restart": "true",
                            "scheduling.0.on_host_maintenance": "MIGRATE",
                            "scheduling.0.preemptible": "false",
                            "scratch_disk.#": "0",
                            "self_link": "https://www.googleapis.com/compute/v1/projects/drouot-dev/zones/europe-west1-d/instances/drouot-tomcat-recette-gazette-0",
                            "service_account.#": "1",
                            "service_account.0.email": "485804294383-compute@developer.gserviceaccount.com",
                            "service_account.0.scopes.#": "7",
                            "service_account.0.scopes.1632638332": "https://www.googleapis.com/auth/devstorage.read_only",
                            "service_account.0.scopes.172152165": "https://www.googleapis.com/auth/logging.write",
                            "service_account.0.scopes.316356861": "https://www.googleapis.com/auth/service.management.readonly",
                            "service_account.0.scopes.3663490875": "https://www.googleapis.com/auth/servicecontrol",
                            "service_account.0.scopes.3859019814": "https://www.googleapis.com/auth/trace.append",
                            "service_account.0.scopes.4177124133": "https://www.googleapis.com/auth/monitoring.write",
                            "service_account.0.scopes.4205865871": "https://www.googleapis.com/auth/sqlservice.admin",
                            "tags.#": "2",
                            "tags.1936433573": "https-server",
                            "tags.988335155": "http-server",
                            "tags_fingerprint": "6smc4R4d39I=",
                            "zone": "europe-west1-d"
                        },
                        "meta": {
                            "e2bfb730-ecaa-11e6-8f88-34363bc7c4c0": {
                                "create": 360000000000,
                                "delete": 360000000000,
                                "update": 360000000000
                            },
                            "schema_version": "6"
                        },
                        "tainted": false
                    },
                    "deposed": [],
                    "provider": "provider.google"
                },
                "google_compute_instance.drouot-tomcat-recette-live-0": {
                    "type": "google_compute_instance",
                    "depends_on": [],
                    "primary": {
                        "id": "drouot-tomcat-recette-live-0",
                        "attributes": {
                            "attached_disk.#": "0",
                            "boot_disk.#": "1",
                            "boot_disk.0.auto_delete": "true",
                            "boot_disk.0.device_name": "persistent-disk-0",
                            "boot_disk.0.disk_encryption_key_raw": "",
                            "boot_disk.0.disk_encryption_key_sha256": "",
                            "boot_disk.0.initialize_params.#": "1",
                            "boot_disk.0.initialize_params.0.image": "https://www.googleapis.com/compute/v1/projects/debian-cloud/global/images/debian-8-jessie-v20180510",
                            "boot_disk.0.initialize_params.0.size": "50",
                            "boot_disk.0.initialize_params.0.type": "pd-standard",
                            "boot_disk.0.source": "https://www.googleapis.com/compute/v1/projects/drouot-dev/zones/europe-west1-d/disks/drouot-tomcat-recette-live-0",
                            "can_ip_forward": "false",
                            "cpu_platform": "Intel Haswell",
                            "deletion_protection": "false",
                            "guest_accelerator.#": "0",
                            "id": "drouot-tomcat-recette-live-0",
                            "instance_id": "3050479015029798322",
                            "label_fingerprint": "42WmSpB8rSM=",
                            "labels.%": "0",
                            "machine_type": "n1-standard-1",
                            "metadata.%": "0",
                            "metadata_fingerprint": "g2S9B3CFj0U=",
                            "metadata_startup_script": "",
                            "min_cpu_platform": "",
                            "name": "drouot-tomcat-recette-live-0",
                            "network_interface.#": "1",
                            "network_interface.0.access_config.#": "1",
                            "network_interface.0.access_config.0.assigned_nat_ip": "35.205.87.199",
                            "network_interface.0.access_config.0.nat_ip": "35.205.87.199",
                            "network_interface.0.access_config.0.network_tier": "PREMIUM",
                            "network_interface.0.access_config.0.public_ptr_domain_name": "",
                            "network_interface.0.address": "10.132.0.10",
                            "network_interface.0.alias_ip_range.#": "0",
                            "network_interface.0.name": "nic0",
                            "network_interface.0.network": "https://www.googleapis.com/compute/v1/projects/drouot-dev/global/networks/default",
                            "network_interface.0.network_ip": "10.132.0.10",
                            "network_interface.0.subnetwork": "https://www.googleapis.com/compute/v1/projects/drouot-dev/regions/europe-west1/subnetworks/default",
                            "network_interface.0.subnetwork_project": "drouot-dev",
                            "project": "drouot-dev",
                            "scheduling.#": "1",
                            "scheduling.0.automatic_restart": "true",
                            "scheduling.0.on_host_maintenance": "MIGRATE",
                            "scheduling.0.preemptible": "false",
                            "scratch_disk.#": "0",
                            "self_link": "https://www.googleapis.com/compute/v1/projects/drouot-dev/zones/europe-west1-d/instances/drouot-tomcat-recette-live-0",
                            "service_account.#": "0",
                            "tags.#": "3",
                            "tags.1936433573": "https-server",
                            "tags.219605147": "custom-cloudsql-access",
                            "tags.988335155": "http-server",
                            "tags_fingerprint": "bdSZ5tRC1Xc=",
                            "zone": "europe-west1-d"
                        },
                        "meta": {
                            "e2bfb730-ecaa-11e6-8f88-34363bc7c4c0": {
                                "create": 360000000000,
                                "delete": 360000000000,
                                "update": 360000000000
                            },
                            "schema_version": "6"
                        },
                        "tainted": false
                    },
                    "deposed": [],
                    "provider": "provider.google"
                },
                "google_compute_instance.expertissim-recette-elasticsearch": {
                    "type": "google_compute_instance",
                    "depends_on": [],
                    "primary": {
                        "id": "expertissim-recette-elasticsearch",
                        "attributes": {
                            "attached_disk.#": "0",
                            "boot_disk.#": "1",
                            "boot_disk.0.auto_delete": "true",
                            "boot_disk.0.device_name": "expertissim-recette-elasticsearch",
                            "boot_disk.0.disk_encryption_key_raw": "",
                            "boot_disk.0.disk_encryption_key_sha256": "",
                            "boot_disk.0.initialize_params.#": "1",
                            "boot_disk.0.initialize_params.0.image": "https://www.googleapis.com/compute/v1/projects/debian-cloud/global/images/debian-9-stretch-v20180716",
                            "boot_disk.0.initialize_params.0.size": "10",
                            "boot_disk.0.initialize_params.0.type": "pd-standard",
                            "boot_disk.0.source": "https://www.googleapis.com/compute/v1/projects/drouot-dev/zones/us-central1-c/disks/expertissim-recette-elasticsearch",
                            "can_ip_forward": "false",
                            "cpu_platform": "Intel Haswell",
                            "deletion_protection": "false",
                            "guest_accelerator.#": "0",
                            "id": "expertissim-recette-elasticsearch",
                            "instance_id": "3244994604948071229",
                            "label_fingerprint": "42WmSpB8rSM=",
                            "labels.%": "0",
                            "machine_type": "n1-standard-1",
                            "metadata.%": "0",
                            "metadata_fingerprint": "g2S9B3CFj0U=",
                            "metadata_startup_script": "",
                            "min_cpu_platform": "",
                            "name": "expertissim-recette-elasticsearch",
                            "network_interface.#": "1",
                            "network_interface.0.access_config.#": "1",
                            "network_interface.0.access_config.0.assigned_nat_ip": "35.238.86.222",
                            "network_interface.0.access_config.0.nat_ip": "35.238.86.222",
                            "network_interface.0.access_config.0.network_tier": "PREMIUM",
                            "network_interface.0.access_config.0.public_ptr_domain_name": "",
                            "network_interface.0.address": "10.128.0.2",
                            "network_interface.0.alias_ip_range.#": "0",
                            "network_interface.0.name": "nic0",
                            "network_interface.0.network": "https://www.googleapis.com/compute/v1/projects/drouot-dev/global/networks/default",
                            "network_interface.0.network_ip": "10.128.0.2",
                            "network_interface.0.subnetwork": "https://www.googleapis.com/compute/v1/projects/drouot-dev/regions/us-central1/subnetworks/default",
                            "network_interface.0.subnetwork_project": "drouot-dev",
                            "project": "drouot-dev",
                            "scheduling.#": "1",
                            "scheduling.0.automatic_restart": "true",
                            "scheduling.0.on_host_maintenance": "MIGRATE",
                            "scheduling.0.preemptible": "false",
                            "scratch_disk.#": "0",
                            "self_link": "https://www.googleapis.com/compute/v1/projects/drouot-dev/zones/us-central1-c/instances/expertissim-recette-elasticsearch",
                            "service_account.#": "1",
                            "service_account.0.email": "485804294383-compute@developer.gserviceaccount.com",
                            "service_account.0.scopes.#": "6",
                            "service_account.0.scopes.1632638332": "https://www.googleapis.com/auth/devstorage.read_only",
                            "service_account.0.scopes.172152165": "https://www.googleapis.com/auth/logging.write",
                            "service_account.0.scopes.316356861": "https://www.googleapis.com/auth/service.management.readonly",
                            "service_account.0.scopes.3663490875": "https://www.googleapis.com/auth/servicecontrol",
                            "service_account.0.scopes.3859019814": "https://www.googleapis.com/auth/trace.append",
                            "service_account.0.scopes.4177124133": "https://www.googleapis.com/auth/monitoring.write",
                            "tags.#": "0",
                            "tags_fingerprint": "42WmSpB8rSM=",
                            "zone": "us-central1-c"
                        },
                        "meta": {
                            "e2bfb730-ecaa-11e6-8f88-34363bc7c4c0": {
                                "create": 360000000000,
                                "delete": 360000000000,
                                "update": 360000000000
                            },
                            "schema_version": "6"
                        },
                        "tainted": false
                    },
                    "deposed": [],
                    "provider": "provider.google"
                },
                "google_compute_instance.expertissim-recette-rabbitmq": {
                    "type": "google_compute_instance",
                    "depends_on": [],
                    "primary": {
                        "id": "expertissim-recette-rabbitmq",
                        "attributes": {
                            "attached_disk.#": "0",
                            "boot_disk.#": "1",
                            "boot_disk.0.auto_delete": "true",
                            "boot_disk.0.device_name": "expertissim-recette-rabbitmq",
                            "boot_disk.0.disk_encryption_key_raw": "",
                            "boot_disk.0.disk_encryption_key_sha256": "",
                            "boot_disk.0.initialize_params.#": "1",
                            "boot_disk.0.initialize_params.0.image": "https://www.googleapis.com/compute/v1/projects/debian-cloud/global/images/debian-9-stretch-v20180716",
                            "boot_disk.0.initialize_params.0.size": "10",
                            "boot_disk.0.initialize_params.0.type": "pd-standard",
                            "boot_disk.0.source": "https://www.googleapis.com/compute/v1/projects/drouot-dev/zones/europe-west1-d/disks/expertissim-recette-rabbitmq",
                            "can_ip_forward": "false",
                            "cpu_platform": "Intel Haswell",
                            "deletion_protection": "false",
                            "guest_accelerator.#": "0",
                            "id": "expertissim-recette-rabbitmq",
                            "instance_id": "1554194546063909870",
                            "label_fingerprint": "42WmSpB8rSM=",
                            "labels.%": "0",
                            "machine_type": "n1-standard-1",
                            "metadata.%": "0",
                            "metadata_fingerprint": "g2S9B3CFj0U=",
                            "metadata_startup_script": "",
                            "min_cpu_platform": "",
                            "name": "expertissim-recette-rabbitmq",
                            "network_interface.#": "1",
                            "network_interface.0.access_config.#": "1",
                            "network_interface.0.access_config.0.assigned_nat_ip": "104.199.43.183",
                            "network_interface.0.access_config.0.nat_ip": "104.199.43.183",
                            "network_interface.0.access_config.0.network_tier": "PREMIUM",
                            "network_interface.0.access_config.0.public_ptr_domain_name": "",
                            "network_interface.0.address": "10.132.0.3",
                            "network_interface.0.alias_ip_range.#": "0",
                            "network_interface.0.name": "nic0",
                            "network_interface.0.network": "https://www.googleapis.com/compute/v1/projects/drouot-dev/global/networks/default",
                            "network_interface.0.network_ip": "10.132.0.3",
                            "network_interface.0.subnetwork": "https://www.googleapis.com/compute/v1/projects/drouot-dev/regions/europe-west1/subnetworks/default",
                            "network_interface.0.subnetwork_project": "drouot-dev",
                            "project": "drouot-dev",
                            "scheduling.#": "1",
                            "scheduling.0.automatic_restart": "true",
                            "scheduling.0.on_host_maintenance": "MIGRATE",
                            "scheduling.0.preemptible": "false",
                            "scratch_disk.#": "0",
                            "self_link": "https://www.googleapis.com/compute/v1/projects/drouot-dev/zones/europe-west1-d/instances/expertissim-recette-rabbitmq",
                            "service_account.#": "1",
                            "service_account.0.email": "485804294383-compute@developer.gserviceaccount.com",
                            "service_account.0.scopes.#": "6",
                            "service_account.0.scopes.1632638332": "https://www.googleapis.com/auth/devstorage.read_only",
                            "service_account.0.scopes.172152165": "https://www.googleapis.com/auth/logging.write",
                            "service_account.0.scopes.316356861": "https://www.googleapis.com/auth/service.management.readonly",
                            "service_account.0.scopes.3663490875": "https://www.googleapis.com/auth/servicecontrol",
                            "service_account.0.scopes.3859019814": "https://www.googleapis.com/auth/trace.append",
                            "service_account.0.scopes.4177124133": "https://www.googleapis.com/auth/monitoring.write",
                            "tags.#": "0",
                            "tags_fingerprint": "42WmSpB8rSM=",
                            "zone": "europe-west1-d"
                        },
                        "meta": {
                            "e2bfb730-ecaa-11e6-8f88-34363bc7c4c0": {
                                "create": 360000000000,
                                "delete": 360000000000,
                                "update": 360000000000
                            },
                            "schema_version": "6"
                        },
                        "tainted": false
                    },
                    "deposed": [],
                    "provider": "provider.google"
                },
                "google_compute_instance.expertissim-recette-site": {
                    "type": "google_compute_instance",
                    "depends_on": [],
                    "primary": {
                        "id": "expertissim-recette-site",
                        "attributes": {
                            "attached_disk.#": "0",
                            "boot_disk.#": "1",
                            "boot_disk.0.auto_delete": "true",
                            "boot_disk.0.device_name": "expertissim-recette-site",
                            "boot_disk.0.disk_encryption_key_raw": "",
                            "boot_disk.0.disk_encryption_key_sha256": "",
                            "boot_disk.0.initialize_params.#": "1",
                            "boot_disk.0.initialize_params.0.image": "https://www.googleapis.com/compute/v1/projects/ubuntu-os-cloud/global/images/ubuntu-1404-trusty-v20180703",
                            "boot_disk.0.initialize_params.0.size": "10",
                            "boot_disk.0.initialize_params.0.type": "pd-standard",
                            "boot_disk.0.source": "https://www.googleapis.com/compute/v1/projects/drouot-dev/zones/europe-west1-b/disks/expertissim-recette-site",
                            "can_ip_forward": "false",
                            "cpu_platform": "Intel Sandy Bridge",
                            "deletion_protection": "false",
                            "guest_accelerator.#": "0",
                            "id": "expertissim-recette-site",
                            "instance_id": "4417907142208331431",
                            "label_fingerprint": "42WmSpB8rSM=",
                            "labels.%": "0",
                            "machine_type": "n1-standard-1",
                            "metadata.%": "0",
                            "metadata_fingerprint": "IRGDw9hoMyU=",
                            "metadata_startup_script": "",
                            "min_cpu_platform": "",
                            "name": "expertissim-recette-site",
                            "network_interface.#": "1",
                            "network_interface.0.access_config.#": "1",
                            "network_interface.0.access_config.0.assigned_nat_ip": "35.233.82.100",
                            "network_interface.0.access_config.0.nat_ip": "35.233.82.100",
                            "network_interface.0.access_config.0.network_tier": "PREMIUM",
                            "network_interface.0.access_config.0.public_ptr_domain_name": "",
                            "network_interface.0.address": "10.132.0.4",
                            "network_interface.0.alias_ip_range.#": "0",
                            "network_interface.0.name": "nic0",
                            "network_interface.0.network": "https://www.googleapis.com/compute/v1/projects/drouot-dev/global/networks/default",
                            "network_interface.0.network_ip": "10.132.0.4",
                            "network_interface.0.subnetwork": "https://www.googleapis.com/compute/v1/projects/drouot-dev/regions/europe-west1/subnetworks/default",
                            "network_interface.0.subnetwork_project": "drouot-dev",
                            "project": "drouot-dev",
                            "scheduling.#": "1",
                            "scheduling.0.automatic_restart": "true",
                            "scheduling.0.on_host_maintenance": "MIGRATE",
                            "scheduling.0.preemptible": "false",
                            "scratch_disk.#": "0",
                            "self_link": "https://www.googleapis.com/compute/v1/projects/drouot-dev/zones/europe-west1-b/instances/expertissim-recette-site",
                            "service_account.#": "1",
                            "service_account.0.email": "485804294383-compute@developer.gserviceaccount.com",
                            "service_account.0.scopes.#": "6",
                            "service_account.0.scopes.1632638332": "https://www.googleapis.com/auth/devstorage.read_only",
                            "service_account.0.scopes.172152165": "https://www.googleapis.com/auth/logging.write",
                            "service_account.0.scopes.316356861": "https://www.googleapis.com/auth/service.management.readonly",
                            "service_account.0.scopes.3663490875": "https://www.googleapis.com/auth/servicecontrol",
                            "service_account.0.scopes.3859019814": "https://www.googleapis.com/auth/trace.append",
                            "service_account.0.scopes.4177124133": "https://www.googleapis.com/auth/monitoring.write",
                            "tags.#": "0",
                            "tags_fingerprint": "42WmSpB8rSM=",
                            "zone": "europe-west1-b"
                        },
                        "meta": {
                            "e2bfb730-ecaa-11e6-8f88-34363bc7c4c0": {
                                "create": 360000000000,
                                "delete": 360000000000,
                                "update": 360000000000
                            },
                            "schema_version": "6"
                        },
                        "tainted": false
                    },
                    "deposed": [],
                    "provider": "provider.google"
                }
            },
            "depends_on": []
        }
    ]
}
